
Microsoft Visual Studio Solution File, Format Version 12.00
# Visual Studio Version 17
VisualStudioVersion = 17.0.31903.59
MinimumVisualStudioVersion = 10.0.40219.1
Project("{FAE04EC0-301F-11D3-BF4B-00C04F79EFBC}") = "MoviesApi", "MoviesApi\MoviesApi.csproj", "{7E36D724-0CA9-4EC6-91DC-9646E713D27E}"
EndProject
Global
	GlobalSection(SolutionConfigurationPlatforms) = preSolution
		Debug|Any CPU = Debug|Any CPU
		Release|Any CPU = Release|Any CPU
	EndGlobalSection
	GlobalSection(ProjectConfigurationPlatforms) = postSolution
		{7E36D724-0CA9-4EC6-91DC-9646E713D27E}.Debug|Any CPU.ActiveCfg = Debug|Any CPU
		{7E36D724-0CA9-4EC6-91DC-9646E713D27E}.Debug|Any CPU.Build.0 = Debug|Any CPU
		{7E36D724-0CA9-4EC6-91DC-9646E713D27E}.Release|Any CPU.ActiveCfg = Release|Any CPU
		{7E36D724-0CA9-4EC6-91DC-9646E713D27E}.Release|Any CPU.Build.0 = Release|Any CPU
	EndGlobalSection
	GlobalSection(SolutionProperties) = preSolution
		HideSolutionNode = FALSE
	EndGlobalSection
	GlobalSection(ExtensibilityGlobals) = postSolution
		SolutionGuid = {228ACD65-D82C-46EE-AA23-90F914A5BB5F}
	EndGlobalSection
EndGlobal
